
Microsoft Visual Studio Solution File, Format Version 12.00
# Visual Studio 2013
VisualStudioVersion = 12.0.21005.1
MinimumVisualStudioVersion = 10.0.40219.1
Project("{FAE04EC0-301F-11D3-BF4B-00C04F79EFBC}") = "TheosWeb", "TheosWeb.csproj", "{52493821-3857-486D-B986-C77B024461DB}"
EndProject
Project("{FAE04EC0-301F-11D3-BF4B-00C04F79EFBC}") = "TheosProc", "..\TheosProc\TheosProc.csproj", "{9238A022-282D-447A-A9E4-EF6753782B07}"
EndProject
Project("{FAE04EC0-301F-11D3-BF4B-00C04F79EFBC}") = "LibUtil", "..\Util\LibUtil.csproj", "{3E90DFBE-E97E-473C-9325-CDFA1568A07F}"
EndProject
Global
	GlobalSection(SolutionConfigurationPlatforms) = preSolution
		Debug|Any CPU = Debug|Any CPU
		Release|Any CPU = Release|Any CPU
	EndGlobalSection
	GlobalSection(ProjectConfigurationPlatforms) = postSolution
		{52493821-3857-486D-B986-C77B024461DB}.Debug|Any CPU.ActiveCfg = Debug|Any CPU
		{52493821-3857-486D-B986-C77B024461DB}.Debug|Any CPU.Build.0 = Debug|Any CPU
		{52493821-3857-486D-B986-C77B024461DB}.Release|Any CPU.ActiveCfg = Release|Any CPU
		{52493821-3857-486D-B986-C77B024461DB}.Release|Any CPU.Build.0 = Release|Any CPU
		{9238A022-282D-447A-A9E4-EF6753782B07}.Debug|Any CPU.ActiveCfg = Debug|Any CPU
		{9238A022-282D-447A-A9E4-EF6753782B07}.Release|Any CPU.ActiveCfg = Release|Any CPU
		{3E90DFBE-E97E-473C-9325-CDFA1568A07F}.Debug|Any CPU.ActiveCfg = Debug|Any CPU
		{3E90DFBE-E97E-473C-9325-CDFA1568A07F}.Release|Any CPU.ActiveCfg = Release|Any CPU
	EndGlobalSection
	GlobalSection(SolutionProperties) = preSolution
		HideSolutionNode = FALSE
	EndGlobalSection
EndGlobal
